# This file is automatically @generated by Poetry 1.8.2 and should not be changed by hand.

[[package]]
name = "asgiref"
version = "3.8.1"
description = "ASGI specs, helper code, and adapters"
optional = false
python-versions = ">=3.8"
files = [
    {file = "asgiref-3.8.1-py3-none-any.whl", hash = "sha256:3e1e3ecc849832fe52ccf2cb6686b7a55f82bb1d6aee72a58826471390335e47"},
    {file = "asgiref-3.8.1.tar.gz", hash = "sha256:c343bd80a0bec947a9860adb4c432ffa7db769836c64238fc34bdc3fec84d590"},
]

[package.extras]
tests = ["mypy (>=0.800)", "pytest", "pytest-asyncio"]

[[package]]
name = "boto3"
version = "1.34.145"
description = "The AWS SDK for Python"
optional = false
python-versions = ">=3.8"
files = [
    {file = "boto3-1.34.145-py3-none-any.whl", hash = "sha256:69d5afb7a017d07dd6bdfb680d2912d5d369b3fafa0a45161207d9f393b14d7e"},
    {file = "boto3-1.34.145.tar.gz", hash = "sha256:ac770fb53dde1743aec56bd8e56b7ee2e2f5ad42a37825968ec4ff8428822640"},
]

[package.dependencies]
botocore = ">=1.34.145,<1.35.0"
jmespath = ">=0.7.1,<2.0.0"
s3transfer = ">=0.10.0,<0.11.0"

[package.extras]
crt = ["botocore[crt] (>=1.21.0,<2.0a0)"]

[[package]]
name = "botocore"
version = "1.34.145"
description = "Low-level, data-driven core of boto 3."
optional = false
python-versions = ">=3.8"
files = [
    {file = "botocore-1.34.145-py3-none-any.whl", hash = "sha256:2e72e262de02adcb0264ac2bac159a28f55dbba8d9e52aa0308773a42950dff5"},
    {file = "botocore-1.34.145.tar.gz", hash = "sha256:edf0fb4c02186ae29b76263ac5fda18b0a085d334a310551c9984407cf1079e6"},
]

[package.dependencies]
jmespath = ">=0.7.1,<2.0.0"
python-dateutil = ">=2.1,<3.0.0"
urllib3 = {version = ">=1.25.4,<2.2.0 || >2.2.0,<3", markers = "python_version >= \"3.10\""}

[package.extras]
crt = ["awscrt (==0.20.11)"]

[[package]]
name = "django"
version = "5.0.7"
description = "A high-level Python web framework that encourages rapid development and clean, pragmatic design."
optional = false
python-versions = ">=3.10"
files = [
    {file = "Django-5.0.7-py3-none-any.whl", hash = "sha256:f216510ace3de5de01329463a315a629f33480e893a9024fc93d8c32c22913da"},
    {file = "Django-5.0.7.tar.gz", hash = "sha256:bd4505cae0b9bd642313e8fb71810893df5dc2ffcacaa67a33af2d5cd61888f2"},
]

[package.dependencies]
asgiref = ">=3.7.0,<4"
sqlparse = ">=0.3.1"
tzdata = {version = "*", markers = "sys_platform == \"win32\""}

[package.extras]
argon2 = ["argon2-cffi (>=19.1.0)"]
bcrypt = ["bcrypt"]

[[package]]
name = "django-environ"
version = "0.11.2"
description = "A package that allows you to utilize 12factor inspired environment variables to configure your Django application."
optional = false
python-versions = ">=3.6,<4"
files = [
    {file = "django-environ-0.11.2.tar.gz", hash = "sha256:f32a87aa0899894c27d4e1776fa6b477e8164ed7f6b3e410a62a6d72caaf64be"},
    {file = "django_environ-0.11.2-py2.py3-none-any.whl", hash = "sha256:0ff95ab4344bfeff693836aa978e6840abef2e2f1145adff7735892711590c05"},
]

[package.extras]
develop = ["coverage[toml] (>=5.0a4)", "furo (>=2021.8.17b43,<2021.9.dev0)", "pytest (>=4.6.11)", "sphinx (>=3.5.0)", "sphinx-notfound-page"]
docs = ["furo (>=2021.8.17b43,<2021.9.dev0)", "sphinx (>=3.5.0)", "sphinx-notfound-page"]
testing = ["coverage[toml] (>=5.0a4)", "pytest (>=4.6.11)"]

[[package]]
name = "django-storages"
version = "1.14.4"
description = "Support for many storage backends in Django"
optional = false
python-versions = ">=3.7"
files = [
    {file = "django-storages-1.14.4.tar.gz", hash = "sha256:69aca94d26e6714d14ad63f33d13619e697508ee33ede184e462ed766dc2a73f"},
    {file = "django_storages-1.14.4-py3-none-any.whl", hash = "sha256:d61930acb4a25e3aebebc6addaf946a3b1df31c803a6bf1af2f31c9047febaa3"},
]

[package.dependencies]
Django = ">=3.2"

[package.extras]
azure = ["azure-core (>=1.13)", "azure-storage-blob (>=12)"]
boto3 = ["boto3 (>=1.4.4)"]
dropbox = ["dropbox (>=7.2.1)"]
google = ["google-cloud-storage (>=1.27)"]
libcloud = ["apache-libcloud"]
s3 = ["boto3 (>=1.4.4)"]
sftp = ["paramiko (>=1.15)"]

[[package]]
name = "gunicorn"
version = "22.0.0"
description = "WSGI HTTP Server for UNIX"
optional = false
python-versions = ">=3.7"
files = [
    {file = "gunicorn-22.0.0-py3-none-any.whl", hash = "sha256:350679f91b24062c86e386e198a15438d53a7a8207235a78ba1b53df4c4378d9"},
    {file = "gunicorn-22.0.0.tar.gz", hash = "sha256:4a0b436239ff76fb33f11c07a16482c521a7e09c1ce3cc293c2330afe01bec63"},
]

[package.dependencies]
packaging = "*"

[package.extras]
eventlet = ["eventlet (>=0.24.1,!=0.36.0)"]
gevent = ["gevent (>=1.4.0)"]
setproctitle = ["setproctitle"]
testing = ["coverage", "eventlet", "gevent", "pytest", "pytest-cov"]
tornado = ["tornado (>=0.2)"]

[[package]]
name = "jmespath"
version = "1.0.1"
description = "JSON Matching Expressions"
optional = false
python-versions = ">=3.7"
files = [
    {file = "jmespath-1.0.1-py3-none-any.whl", hash = "sha256:02e2e4cc71b5bcab88332eebf907519190dd9e6e82107fa7f83b1003a6252980"},
    {file = "jmespath-1.0.1.tar.gz", hash = "sha256:90261b206d6defd58fdd5e85f478bf633a2901798906be2ad389150c5c60edbe"},
]

[[package]]
name = "mysqlclient"
version = "2.2.4"
description = "Python interface to MySQL"
optional = false
python-versions = ">=3.8"
files = [
    {file = "mysqlclient-2.2.4-cp310-cp310-win_amd64.whl", hash = "sha256:ac44777eab0a66c14cb0d38965572f762e193ec2e5c0723bcd11319cc5b693c5"},
    {file = "mysqlclient-2.2.4-cp311-cp311-win_amd64.whl", hash = "sha256:329e4eec086a2336fe3541f1ce095d87a6f169d1cc8ba7b04ac68bcb234c9711"},
    {file = "mysqlclient-2.2.4-cp312-cp312-win_amd64.whl", hash = "sha256:e1ebe3f41d152d7cb7c265349fdb7f1eca86ccb0ca24a90036cde48e00ceb2ab"},
    {file = "mysqlclient-2.2.4-cp38-cp38-win_amd64.whl", hash = "sha256:3c318755e06df599338dad7625f884b8a71fcf322a9939ef78c9b3db93e1de7a"},
    {file = "mysqlclient-2.2.4-cp39-cp39-win_amd64.whl", hash = "sha256:9d4c015480c4a6b2b1602eccd9846103fc70606244788d04aa14b31c4bd1f0e2"},
    {file = "mysqlclient-2.2.4-pp310-pypy310_pp73-win_amd64.whl", hash = "sha256:d43987bb9626096a302ca6ddcdd81feaeca65ced1d5fe892a6a66b808326aa54"},
    {file = "mysqlclient-2.2.4-pp38-pypy38_pp73-win_amd64.whl", hash = "sha256:4e80dcad884dd6e14949ac6daf769123223a52a6805345608bf49cdaf7bc8b3a"},
    {file = "mysqlclient-2.2.4-pp39-pypy39_pp73-win_amd64.whl", hash = "sha256:9d3310295cb682232cadc28abd172f406c718b9ada41d2371259098ae37779d3"},
    {file = "mysqlclient-2.2.4.tar.gz", hash = "sha256:33bc9fb3464e7d7c10b1eaf7336c5ff8f2a3d3b88bab432116ad2490beb3bf41"},
]

[[package]]
name = "packaging"
version = "24.1"
description = "Core utilities for Python packages"
optional = false
python-versions = ">=3.8"
files = [
    {file = "packaging-24.1-py3-none-any.whl", hash = "sha256:5b8f2217dbdbd2f7f384c41c628544e6d52f2d0f53c6d0c3ea61aa5d1d7ff124"},
    {file = "packaging-24.1.tar.gz", hash = "sha256:026ed72c8ed3fcce5bf8950572258698927fd1dbda10a5e981cdf0ac37f4f002"},
]

[[package]]
name = "python-dateutil"
version = "2.9.0.post0"
description = "Extensions to the standard Python datetime module"
optional = false
python-versions = "!=3.0.*,!=3.1.*,!=3.2.*,>=2.7"
files = [
    {file = "python-dateutil-2.9.0.post0.tar.gz", hash = "sha256:37dd54208da7e1cd875388217d5e00ebd4179249f90fb72437e91a35459a0ad3"},
    {file = "python_dateutil-2.9.0.post0-py2.py3-none-any.whl", hash = "sha256:a8b2bc7bffae282281c8140a97d3aa9c14da0b136dfe83f850eea9a5f7470427"},
]

[package.dependencies]
six = ">=1.5"

[[package]]
name = "s3transfer"
version = "0.10.2"
description = "An Amazon S3 Transfer Manager"
optional = false
python-versions = ">=3.8"
files = [
    {file = "s3transfer-0.10.2-py3-none-any.whl", hash = "sha256:eca1c20de70a39daee580aef4986996620f365c4e0fda6a86100231d62f1bf69"},
    {file = "s3transfer-0.10.2.tar.gz", hash = "sha256:0711534e9356d3cc692fdde846b4a1e4b0cb6519971860796e6bc4c7aea00ef6"},
]

[package.dependencies]
botocore = ">=1.33.2,<2.0a.0"

[package.extras]
crt = ["botocore[crt] (>=1.33.2,<2.0a.0)"]

[[package]]
name = "six"
version = "1.16.0"
description = "Python 2 and 3 compatibility utilities"
optional = false
python-versions = ">=2.7, !=3.0.*, !=3.1.*, !=3.2.*"
files = [
    {file = "six-1.16.0-py2.py3-none-any.whl", hash = "sha256:8abb2f1d86890a2dfb989f9a77cfcfd3e47c2a354b01111771326f8aa26e0254"},
    {file = "six-1.16.0.tar.gz", hash = "sha256:1e61c37477a1626458e36f7b1d82aa5c9b094fa4802892072e49de9c60c4c926"},
]

[[package]]
name = "sqlparse"
version = "0.5.1"
description = "A non-validating SQL parser."
optional = false
python-versions = ">=3.8"
files = [
    {file = "sqlparse-0.5.1-py3-none-any.whl", hash = "sha256:773dcbf9a5ab44a090f3441e2180efe2560220203dc2f8c0b0fa141e18b505e4"},
    {file = "sqlparse-0.5.1.tar.gz", hash = "sha256:bb6b4df465655ef332548e24f08e205afc81b9ab86cb1c45657a7ff173a3a00e"},
]

[package.extras]
dev = ["build", "hatch"]
doc = ["sphinx"]

[[package]]
name = "tzdata"
version = "2024.1"
description = "Provider of IANA time zone data"
optional = false
python-versions = ">=2"
files = [
    {file = "tzdata-2024.1-py2.py3-none-any.whl", hash = "sha256:9068bc196136463f5245e51efda838afa15aaeca9903f49050dfa2679db4d252"},
    {file = "tzdata-2024.1.tar.gz", hash = "sha256:2674120f8d891909751c38abcdfd386ac0a5a1127954fbc332af6b5ceae07efd"},
]

[[package]]
name = "urllib3"
version = "2.2.2"
description = "HTTP library with thread-safe connection pooling, file post, and more."
optional = false
python-versions = ">=3.8"
files = [
    {file = "urllib3-2.2.2-py3-none-any.whl", hash = "sha256:a448b2f64d686155468037e1ace9f2d2199776e17f0a46610480d311f73e3472"},
    {file = "urllib3-2.2.2.tar.gz", hash = "sha256:dd505485549a7a552833da5e6063639d0d177c04f23bc3864e41e5dc5f612168"},
]

[package.extras]
brotli = ["brotli (>=1.0.9)", "brotlicffi (>=0.8.0)"]
h2 = ["h2 (>=4,<5)"]
socks = ["pysocks (>=1.5.6,!=1.5.7,<2.0)"]
zstd = ["zstandard (>=0.18.0)"]

[metadata]
lock-version = "2.0"
python-versions = "^3.12"
content-hash = "4000405d3f8bcc5fbb2b4127b8bd055073aef7afa3e8203d83ca2dd694e877b7"
